
Microsoft Visual Studio Solution File, Format Version 12.00
# Visual Studio Version 16
VisualStudioVersion = 16.0.33423.256
MinimumVisualStudioVersion = 10.0.40219.1
Project("{FAE04EC0-301F-11D3-BF4B-00C04F79EFBC}") = "CRUDOperation", "CRUDOperation\CRUDOperation.csproj", "{6EFD6F92-2186-4707-9AFD-CAB426374EFC}"
EndProject
Global
	GlobalSection(SolutionConfigurationPlatforms) = preSolution
		Debug|Any CPU = Debug|Any CPU
		Release|Any CPU = Release|Any CPU
	EndGlobalSection
	GlobalSection(ProjectConfigurationPlatforms) = postSolution
		{6EFD6F92-2186-4707-9AFD-CAB426374EFC}.Debug|Any CPU.ActiveCfg = Debug|Any CPU
		{6EFD6F92-2186-4707-9AFD-CAB426374EFC}.Debug|Any CPU.Build.0 = Debug|Any CPU
		{6EFD6F92-2186-4707-9AFD-CAB426374EFC}.Release|Any CPU.ActiveCfg = Release|Any CPU
		{6EFD6F92-2186-4707-9AFD-CAB426374EFC}.Release|Any CPU.Build.0 = Release|Any CPU
	EndGlobalSection
	GlobalSection(SolutionProperties) = preSolution
		HideSolutionNode = FALSE
	EndGlobalSection
	GlobalSection(ExtensibilityGlobals) = postSolution
		SolutionGuid = {AB298F06-0437-4D06-8120-B32DB56894EE}
	EndGlobalSection
EndGlobal
